
Microsoft Visual Studio Solution File, Format Version 12.00
# Visual Studio Version 17
VisualStudioVersion = 17.10.35027.167
MinimumVisualStudioVersion = 10.0.40219.1
Project("{FAE04EC0-301F-11D3-BF4B-00C04F79EFBC}") = "CouldPoint", "CouldPoint\CouldPoint.csproj", "{5D32287F-3A76-4491-BB2C-42BAFE84E56F}"
EndProject
Global
	GlobalSection(SolutionConfigurationPlatforms) = preSolution
		Debug|Any CPU = Debug|Any CPU
		Release|Any CPU = Release|Any CPU
	EndGlobalSection
	GlobalSection(ProjectConfigurationPlatforms) = postSolution
		{5D32287F-3A76-4491-BB2C-42BAFE84E56F}.Debug|Any CPU.ActiveCfg = Debug|Any CPU
		{5D32287F-3A76-4491-BB2C-42BAFE84E56F}.Debug|Any CPU.Build.0 = Debug|Any CPU
		{5D32287F-3A76-4491-BB2C-42BAFE84E56F}.Release|Any CPU.ActiveCfg = Release|Any CPU
		{5D32287F-3A76-4491-BB2C-42BAFE84E56F}.Release|Any CPU.Build.0 = Release|Any CPU
	EndGlobalSection
	GlobalSection(SolutionProperties) = preSolution
		HideSolutionNode = FALSE
	EndGlobalSection
	GlobalSection(ExtensibilityGlobals) = postSolution
		SolutionGuid = {D83D8713-CF81-4258-86BE-850CDFC6671F}
	EndGlobalSection
EndGlobal
